
Microsoft Visual Studio Solution File, Format Version 12.00
# Visual Studio Version 17
VisualStudioVersion = 17.14.36705.20 d17.14
MinimumVisualStudioVersion = 10.0.40219.1
Project("{FAE04EC0-301F-11D3-BF4B-00C04F79EFBC}") = "CreatingQR", "CreatingQR\CreatingQR.csproj", "{7286DCD4-09B1-42D8-A7E6-FB6E2903BF5A}"
EndProject
Global
	GlobalSection(SolutionConfigurationPlatforms) = preSolution
		Debug|Any CPU = Debug|Any CPU
		Release|Any CPU = Release|Any CPU
	EndGlobalSection
	GlobalSection(ProjectConfigurationPlatforms) = postSolution
		{7286DCD4-09B1-42D8-A7E6-FB6E2903BF5A}.Debug|Any CPU.ActiveCfg = Debug|Any CPU
		{7286DCD4-09B1-42D8-A7E6-FB6E2903BF5A}.Debug|Any CPU.Build.0 = Debug|Any CPU
		{7286DCD4-09B1-42D8-A7E6-FB6E2903BF5A}.Release|Any CPU.ActiveCfg = Release|Any CPU
		{7286DCD4-09B1-42D8-A7E6-FB6E2903BF5A}.Release|Any CPU.Build.0 = Release|Any CPU
	EndGlobalSection
	GlobalSection(SolutionProperties) = preSolution
		HideSolutionNode = FALSE
	EndGlobalSection
	GlobalSection(ExtensibilityGlobals) = postSolution
		SolutionGuid = {4AED5E9F-B49F-4351-B20D-310278ACE9F4}
	EndGlobalSection
EndGlobal
